
Microsoft Visual Studio Solution File, Format Version 12.00
# Visual Studio Version 16
VisualStudioVersion = 16.0.30225.117
MinimumVisualStudioVersion = 10.0.40219.1
Project("{FAE04EC0-301F-11D3-BF4B-00C04F79EFBC}") = "Exercise1.1", "Exercise1.1\Exercise1.1.csproj", "{8682FB8C-C513-46E6-953A-BEC4B99A647C}"
EndProject
Global
	GlobalSection(SolutionConfigurationPlatforms) = preSolution
		Debug|Any CPU = Debug|Any CPU
		Release|Any CPU = Release|Any CPU
	EndGlobalSection
	GlobalSection(ProjectConfigurationPlatforms) = postSolution
		{8682FB8C-C513-46E6-953A-BEC4B99A647C}.Debug|Any CPU.ActiveCfg = Debug|Any CPU
		{8682FB8C-C513-46E6-953A-BEC4B99A647C}.Debug|Any CPU.Build.0 = Debug|Any CPU
		{8682FB8C-C513-46E6-953A-BEC4B99A647C}.Release|Any CPU.ActiveCfg = Release|Any CPU
		{8682FB8C-C513-46E6-953A-BEC4B99A647C}.Release|Any CPU.Build.0 = Release|Any CPU
	EndGlobalSection
	GlobalSection(SolutionProperties) = preSolution
		HideSolutionNode = FALSE
	EndGlobalSection
	GlobalSection(ExtensibilityGlobals) = postSolution
		SolutionGuid = {70C8D695-B00A-4433-A4E1-8C6B6104CE59}
	EndGlobalSection
EndGlobal
